
Microsoft Visual Studio Solution File, Format Version 12.00
# Visual Studio Version 16
VisualStudioVersion = 16.0.30907.101
MinimumVisualStudioVersion = 10.0.40219.1
Project("{FAE04EC0-301F-11D3-BF4B-00C04F79EFBC}") = "Weapons", "Weapons\Weapons.csproj", "{78847B4E-B176-4ED8-8A54-027997E82CFA}"
EndProject
Global
	GlobalSection(SolutionConfigurationPlatforms) = preSolution
		Debug|Any CPU = Debug|Any CPU
		Release|Any CPU = Release|Any CPU
	EndGlobalSection
	GlobalSection(ProjectConfigurationPlatforms) = postSolution
		{78847B4E-B176-4ED8-8A54-027997E82CFA}.Debug|Any CPU.ActiveCfg = Debug|Any CPU
		{78847B4E-B176-4ED8-8A54-027997E82CFA}.Debug|Any CPU.Build.0 = Debug|Any CPU
		{78847B4E-B176-4ED8-8A54-027997E82CFA}.Release|Any CPU.ActiveCfg = Release|Any CPU
		{78847B4E-B176-4ED8-8A54-027997E82CFA}.Release|Any CPU.Build.0 = Release|Any CPU
	EndGlobalSection
	GlobalSection(SolutionProperties) = preSolution
		HideSolutionNode = FALSE
	EndGlobalSection
	GlobalSection(ExtensibilityGlobals) = postSolution
		SolutionGuid = {2E70FB0C-2F9D-405F-BA29-18D529805C9B}
	EndGlobalSection
EndGlobal
